
Microsoft Visual Studio Solution File, Format Version 12.00
# Visual Studio Version 16
VisualStudioVersion = 16.0.30907.101
MinimumVisualStudioVersion = 10.0.40219.1
Project("{FAE04EC0-301F-11D3-BF4B-00C04F79EFBC}") = "TMS.Net07.Rocket.Bank", "TMS.Net07.Rocket.Bank\TMS.Net07.Rocket.Bank.csproj", "{149FFF25-89A7-4DC8-9083-16CDA3752A8D}"
EndProject
Global
	GlobalSection(SolutionConfigurationPlatforms) = preSolution
		Debug|Any CPU = Debug|Any CPU
		Release|Any CPU = Release|Any CPU
	EndGlobalSection
	GlobalSection(ProjectConfigurationPlatforms) = postSolution
		{149FFF25-89A7-4DC8-9083-16CDA3752A8D}.Debug|Any CPU.ActiveCfg = Debug|Any CPU
		{149FFF25-89A7-4DC8-9083-16CDA3752A8D}.Debug|Any CPU.Build.0 = Debug|Any CPU
		{149FFF25-89A7-4DC8-9083-16CDA3752A8D}.Release|Any CPU.ActiveCfg = Release|Any CPU
		{149FFF25-89A7-4DC8-9083-16CDA3752A8D}.Release|Any CPU.Build.0 = Release|Any CPU
	EndGlobalSection
	GlobalSection(SolutionProperties) = preSolution
		HideSolutionNode = FALSE
	EndGlobalSection
	GlobalSection(ExtensibilityGlobals) = postSolution
		SolutionGuid = {99295F74-D15F-46D7-9516-E68E2ACC2616}
	EndGlobalSection
EndGlobal
